# This file is autogenerated, do not edit; changes may be undone by the next 'dep ensure'.


[[projects]]
  name = "github.com/aws/aws-lambda-go"
  packages = [
    "lambda",
    "lambda/messages",
    "lambdacontext"
  ]
  revision = "2d482ef09017ae953b1e8d5a6ddac5b696663a3c"
  version = "v1.6.0"

[[projects]]
  branch = "master"
  name = "github.com/njuettner/go-alexa"
  packages = ["."]
  revision = "597b47bb0b892a3c1e301f158a71ea51a2ad184f"

[solve-meta]
  analyzer-name = "dep"
  analyzer-version = 1
  inputs-digest = "537ca2549c03e85a7fc8ad366d0e5c6b22d75d7d73991d87b89d89a394ac4865"
  solver-name = "gps-cdcl"
  solver-version = 1
